
Microsoft Visual Studio Solution File, Format Version 12.00
# Visual Studio Version 17
VisualStudioVersion = 17.3.32825.248
MinimumVisualStudioVersion = 10.0.40219.1
Project("{FAE04EC0-301F-11D3-BF4B-00C04F79EFBC}") = "TryParseLogic", "TryParseLogic\TryParseLogic.csproj", "{5477B1A0-2DAE-4751-AA59-BF6A0DE24AF3}"
EndProject
Project("{FAE04EC0-301F-11D3-BF4B-00C04F79EFBC}") = "TryParseValidationLoops", "TryParseValidationLoops\TryParseValidationLoops.csproj", "{625EFA7B-7201-4FB3-9330-A14262FA8173}"
EndProject
Global
	GlobalSection(SolutionConfigurationPlatforms) = preSolution
		Debug|Any CPU = Debug|Any CPU
		Release|Any CPU = Release|Any CPU
	EndGlobalSection
	GlobalSection(ProjectConfigurationPlatforms) = postSolution
		{5477B1A0-2DAE-4751-AA59-BF6A0DE24AF3}.Debug|Any CPU.ActiveCfg = Debug|Any CPU
		{5477B1A0-2DAE-4751-AA59-BF6A0DE24AF3}.Debug|Any CPU.Build.0 = Debug|Any CPU
		{5477B1A0-2DAE-4751-AA59-BF6A0DE24AF3}.Release|Any CPU.ActiveCfg = Release|Any CPU
		{5477B1A0-2DAE-4751-AA59-BF6A0DE24AF3}.Release|Any CPU.Build.0 = Release|Any CPU
		{625EFA7B-7201-4FB3-9330-A14262FA8173}.Debug|Any CPU.ActiveCfg = Debug|Any CPU
		{625EFA7B-7201-4FB3-9330-A14262FA8173}.Debug|Any CPU.Build.0 = Debug|Any CPU
		{625EFA7B-7201-4FB3-9330-A14262FA8173}.Release|Any CPU.ActiveCfg = Release|Any CPU
		{625EFA7B-7201-4FB3-9330-A14262FA8173}.Release|Any CPU.Build.0 = Release|Any CPU
	EndGlobalSection
	GlobalSection(SolutionProperties) = preSolution
		HideSolutionNode = FALSE
	EndGlobalSection
	GlobalSection(ExtensibilityGlobals) = postSolution
		SolutionGuid = {98BC4BCA-CD91-4A78-8D9E-3D63AA1AB1ED}
	EndGlobalSection
EndGlobal
