
Microsoft Visual Studio Solution File, Format Version 12.00
# Visual Studio Version 17
VisualStudioVersion = 17.3.32825.248
MinimumVisualStudioVersion = 10.0.40219.1
Project("{FAE04EC0-301F-11D3-BF4B-00C04F79EFBC}") = "PlayerSystemA01", "PlayerSystemA01\PlayerSystemA01.csproj", "{1635BBDA-A80F-46EE-8C30-C0588D5A477A}"
EndProject
Global
	GlobalSection(SolutionConfigurationPlatforms) = preSolution
		Debug|Any CPU = Debug|Any CPU
		Release|Any CPU = Release|Any CPU
	EndGlobalSection
	GlobalSection(ProjectConfigurationPlatforms) = postSolution
		{1635BBDA-A80F-46EE-8C30-C0588D5A477A}.Debug|Any CPU.ActiveCfg = Debug|Any CPU
		{1635BBDA-A80F-46EE-8C30-C0588D5A477A}.Debug|Any CPU.Build.0 = Debug|Any CPU
		{1635BBDA-A80F-46EE-8C30-C0588D5A477A}.Release|Any CPU.ActiveCfg = Release|Any CPU
		{1635BBDA-A80F-46EE-8C30-C0588D5A477A}.Release|Any CPU.Build.0 = Release|Any CPU
	EndGlobalSection
	GlobalSection(SolutionProperties) = preSolution
		HideSolutionNode = FALSE
	EndGlobalSection
	GlobalSection(ExtensibilityGlobals) = postSolution
		SolutionGuid = {751652D0-6092-4AC7-B750-A97DEE33A84F}
	EndGlobalSection
EndGlobal
