
Microsoft Visual Studio Solution File, Format Version 12.00
# Visual Studio Version 17
VisualStudioVersion = 17.3.32825.248
MinimumVisualStudioVersion = 10.0.40219.1
Project("{FAE04EC0-301F-11D3-BF4B-00C04F79EFBC}") = "simpleList", "simpleList\simpleList.csproj", "{B4F0D545-EAB9-46CF-B224-575997BDAFD4}"
EndProject
Global
	GlobalSection(SolutionConfigurationPlatforms) = preSolution
		Debug|Any CPU = Debug|Any CPU
		Release|Any CPU = Release|Any CPU
	EndGlobalSection
	GlobalSection(ProjectConfigurationPlatforms) = postSolution
		{B4F0D545-EAB9-46CF-B224-575997BDAFD4}.Debug|Any CPU.ActiveCfg = Debug|Any CPU
		{B4F0D545-EAB9-46CF-B224-575997BDAFD4}.Debug|Any CPU.Build.0 = Debug|Any CPU
		{B4F0D545-EAB9-46CF-B224-575997BDAFD4}.Release|Any CPU.ActiveCfg = Release|Any CPU
		{B4F0D545-EAB9-46CF-B224-575997BDAFD4}.Release|Any CPU.Build.0 = Release|Any CPU
	EndGlobalSection
	GlobalSection(SolutionProperties) = preSolution
		HideSolutionNode = FALSE
	EndGlobalSection
	GlobalSection(ExtensibilityGlobals) = postSolution
		SolutionGuid = {F686A0FF-E592-491D-AE15-C2BD52471F6D}
	EndGlobalSection
EndGlobal
