
Microsoft Visual Studio Solution File, Format Version 12.00
# Visual Studio Version 17
VisualStudioVersion = 17.3.32825.248
MinimumVisualStudioVersion = 10.0.40219.1
Project("{FAE04EC0-301F-11D3-BF4B-00C04F79EFBC}") = "FileRead-Writing", "FileRead-Writing\FileRead-Writing.csproj", "{9EF17FCB-FE61-416A-B62B-02D01C7E86A0}"
EndProject
Global
	GlobalSection(SolutionConfigurationPlatforms) = preSolution
		Debug|Any CPU = Debug|Any CPU
		Release|Any CPU = Release|Any CPU
	EndGlobalSection
	GlobalSection(ProjectConfigurationPlatforms) = postSolution
		{9EF17FCB-FE61-416A-B62B-02D01C7E86A0}.Debug|Any CPU.ActiveCfg = Debug|Any CPU
		{9EF17FCB-FE61-416A-B62B-02D01C7E86A0}.Debug|Any CPU.Build.0 = Debug|Any CPU
		{9EF17FCB-FE61-416A-B62B-02D01C7E86A0}.Release|Any CPU.ActiveCfg = Release|Any CPU
		{9EF17FCB-FE61-416A-B62B-02D01C7E86A0}.Release|Any CPU.Build.0 = Release|Any CPU
	EndGlobalSection
	GlobalSection(SolutionProperties) = preSolution
		HideSolutionNode = FALSE
	EndGlobalSection
	GlobalSection(ExtensibilityGlobals) = postSolution
		SolutionGuid = {D546C4C5-F448-4D52-8B38-6B0312225853}
	EndGlobalSection
EndGlobal
